
Microsoft Visual Studio Solution File, Format Version 12.00
# Visual Studio Version 17
VisualStudioVersion = 17.14.36429.23 d17.14
MinimumVisualStudioVersion = 10.0.40219.1
Project("{FAE04EC0-301F-11D3-BF4B-00C04F79EFBC}") = "FinacialBackend", "FinacialBackend\FinacialBackend.csproj", "{0663B4E5-E445-4164-AB2D-F557B961893F}"
EndProject
Global
	GlobalSection(SolutionConfigurationPlatforms) = preSolution
		Debug|Any CPU = Debug|Any CPU
		Release|Any CPU = Release|Any CPU
	EndGlobalSection
	GlobalSection(ProjectConfigurationPlatforms) = postSolution
		{0663B4E5-E445-4164-AB2D-F557B961893F}.Debug|Any CPU.ActiveCfg = Debug|Any CPU
		{0663B4E5-E445-4164-AB2D-F557B961893F}.Debug|Any CPU.Build.0 = Debug|Any CPU
		{0663B4E5-E445-4164-AB2D-F557B961893F}.Release|Any CPU.ActiveCfg = Release|Any CPU
		{0663B4E5-E445-4164-AB2D-F557B961893F}.Release|Any CPU.Build.0 = Release|Any CPU
	EndGlobalSection
	GlobalSection(SolutionProperties) = preSolution
		HideSolutionNode = FALSE
	EndGlobalSection
	GlobalSection(ExtensibilityGlobals) = postSolution
		SolutionGuid = {B6FD6023-6682-4120-9AA5-668830153E41}
	EndGlobalSection
EndGlobal
